
Microsoft Visual Studio Solution File, Format Version 12.00
# Visual Studio 14
VisualStudioVersion = 14.0.23107.0
MinimumVisualStudioVersion = 10.0.40219.1
Project("{FAE04EC0-301F-11D3-BF4B-00C04F79EFBC}") = "PlayMusic.WebUI", "PlayMusic.WebUI\PlayMusic.WebUI.csproj", "{04EFF58C-9EEF-4382-9EEE-A1D890916E8F}"
EndProject
Project("{FAE04EC0-301F-11D3-BF4B-00C04F79EFBC}") = "PlayMusic.Api", "PlayMusic.Api\PlayMusic.Api.csproj", "{4CEB85D0-5FBC-4386-8161-1E2AD03614F1}"
EndProject
Global
	GlobalSection(SolutionConfigurationPlatforms) = preSolution
		Debug|Any CPU = Debug|Any CPU
		Release|Any CPU = Release|Any CPU
	EndGlobalSection
	GlobalSection(ProjectConfigurationPlatforms) = postSolution
		{04EFF58C-9EEF-4382-9EEE-A1D890916E8F}.Debug|Any CPU.ActiveCfg = Debug|Any CPU
		{04EFF58C-9EEF-4382-9EEE-A1D890916E8F}.Debug|Any CPU.Build.0 = Debug|Any CPU
		{04EFF58C-9EEF-4382-9EEE-A1D890916E8F}.Release|Any CPU.ActiveCfg = Release|Any CPU
		{04EFF58C-9EEF-4382-9EEE-A1D890916E8F}.Release|Any CPU.Build.0 = Release|Any CPU
		{4CEB85D0-5FBC-4386-8161-1E2AD03614F1}.Debug|Any CPU.ActiveCfg = Debug|Any CPU
		{4CEB85D0-5FBC-4386-8161-1E2AD03614F1}.Debug|Any CPU.Build.0 = Debug|Any CPU
		{4CEB85D0-5FBC-4386-8161-1E2AD03614F1}.Release|Any CPU.ActiveCfg = Release|Any CPU
		{4CEB85D0-5FBC-4386-8161-1E2AD03614F1}.Release|Any CPU.Build.0 = Release|Any CPU
	EndGlobalSection
	GlobalSection(SolutionProperties) = preSolution
		HideSolutionNode = FALSE
	EndGlobalSection
EndGlobal
